
Microsoft Visual Studio Solution File, Format Version 12.00
# Visual Studio 15
VisualStudioVersion = 15.0.27130.2024
MinimumVisualStudioVersion = 10.0.40219.1
Project("{FAE04EC0-301F-11D3-BF4B-00C04F79EFBC}") = "WebApplication3", "WebApplication3\WebApplication3.csproj", "{4F5685D5-528E-4BAC-874D-A9599B15C8DB}"
EndProject
Project("{FAE04EC0-301F-11D3-BF4B-00C04F79EFBC}") = "WebApplication1", "WebApplication1\WebApplication1.csproj", "{5FF3390E-9E5C-4C56-B1FA-5B7FC2377149}"
EndProject
Global
	GlobalSection(SolutionConfigurationPlatforms) = preSolution
		Debug|Any CPU = Debug|Any CPU
		Release|Any CPU = Release|Any CPU
	EndGlobalSection
	GlobalSection(ProjectConfigurationPlatforms) = postSolution
		{4F5685D5-528E-4BAC-874D-A9599B15C8DB}.Debug|Any CPU.ActiveCfg = Debug|Any CPU
		{4F5685D5-528E-4BAC-874D-A9599B15C8DB}.Debug|Any CPU.Build.0 = Debug|Any CPU
		{4F5685D5-528E-4BAC-874D-A9599B15C8DB}.Release|Any CPU.ActiveCfg = Release|Any CPU
		{4F5685D5-528E-4BAC-874D-A9599B15C8DB}.Release|Any CPU.Build.0 = Release|Any CPU
		{5FF3390E-9E5C-4C56-B1FA-5B7FC2377149}.Debug|Any CPU.ActiveCfg = Debug|Any CPU
		{5FF3390E-9E5C-4C56-B1FA-5B7FC2377149}.Debug|Any CPU.Build.0 = Debug|Any CPU
		{5FF3390E-9E5C-4C56-B1FA-5B7FC2377149}.Release|Any CPU.ActiveCfg = Release|Any CPU
		{5FF3390E-9E5C-4C56-B1FA-5B7FC2377149}.Release|Any CPU.Build.0 = Release|Any CPU
	EndGlobalSection
	GlobalSection(SolutionProperties) = preSolution
		HideSolutionNode = FALSE
	EndGlobalSection
	GlobalSection(ExtensibilityGlobals) = postSolution
		SolutionGuid = {3A2C4283-265A-4CF9-AFD7-5E9726C7766E}
	EndGlobalSection
EndGlobal
